
Microsoft Visual Studio Solution File, Format Version 12.00
# Visual Studio 2012
Project("{FAE04EC0-301F-11D3-BF4B-00C04F79EFBC}") = "MyCompany.ProductConsole", "MyCompany.ProductConsole\MyCompany.ProductConsole.csproj", "{F496EC13-6C6E-494A-AD60-24395BDAFE6F}"
EndProject
Project("{FAE04EC0-301F-11D3-BF4B-00C04F79EFBC}") = "MyCompany.Infrastructure.Common", "MyCompany.Infrastructure.Common\MyCompany.Infrastructure.Common.csproj", "{FA3126C1-F135-41CF-8629-CB13F04E8A43}"
EndProject
Global
	GlobalSection(SolutionConfigurationPlatforms) = preSolution
		Debug|Any CPU = Debug|Any CPU
		Release|Any CPU = Release|Any CPU
	EndGlobalSection
	GlobalSection(ProjectConfigurationPlatforms) = postSolution
		{F496EC13-6C6E-494A-AD60-24395BDAFE6F}.Debug|Any CPU.ActiveCfg = Debug|Any CPU
		{F496EC13-6C6E-494A-AD60-24395BDAFE6F}.Debug|Any CPU.Build.0 = Debug|Any CPU
		{F496EC13-6C6E-494A-AD60-24395BDAFE6F}.Release|Any CPU.ActiveCfg = Release|Any CPU
		{F496EC13-6C6E-494A-AD60-24395BDAFE6F}.Release|Any CPU.Build.0 = Release|Any CPU
		{FA3126C1-F135-41CF-8629-CB13F04E8A43}.Debug|Any CPU.ActiveCfg = Debug|Any CPU
		{FA3126C1-F135-41CF-8629-CB13F04E8A43}.Debug|Any CPU.Build.0 = Debug|Any CPU
		{FA3126C1-F135-41CF-8629-CB13F04E8A43}.Release|Any CPU.ActiveCfg = Release|Any CPU
		{FA3126C1-F135-41CF-8629-CB13F04E8A43}.Release|Any CPU.Build.0 = Release|Any CPU
	EndGlobalSection
	GlobalSection(SolutionProperties) = preSolution
		HideSolutionNode = FALSE
	EndGlobalSection
EndGlobal
